
Microsoft Visual Studio Solution File, Format Version 12.00
# Visual Studio 15
VisualStudioVersion = 15.0.28307.705
MinimumVisualStudioVersion = 10.0.40219.1
Project("{FAE04EC0-301F-11D3-BF4B-00C04F79EFBC}") = "Algorithms Manager", "Algorithms Manager\Algorithms Manager.csproj", "{7513F603-DDC6-413A-9623-DD587D8189FA}"
EndProject
Global
	GlobalSection(SolutionConfigurationPlatforms) = preSolution
		Debug|Any CPU = Debug|Any CPU
		Release|Any CPU = Release|Any CPU
	EndGlobalSection
	GlobalSection(ProjectConfigurationPlatforms) = postSolution
		{7513F603-DDC6-413A-9623-DD587D8189FA}.Debug|Any CPU.ActiveCfg = Debug|Any CPU
		{7513F603-DDC6-413A-9623-DD587D8189FA}.Debug|Any CPU.Build.0 = Debug|Any CPU
		{7513F603-DDC6-413A-9623-DD587D8189FA}.Release|Any CPU.ActiveCfg = Release|Any CPU
		{7513F603-DDC6-413A-9623-DD587D8189FA}.Release|Any CPU.Build.0 = Release|Any CPU
	EndGlobalSection
	GlobalSection(SolutionProperties) = preSolution
		HideSolutionNode = FALSE
	EndGlobalSection
	GlobalSection(ExtensibilityGlobals) = postSolution
		SolutionGuid = {44370D33-35FA-4984-AFA6-78F709D23E24}
	EndGlobalSection
EndGlobal
